
Microsoft Visual Studio Solution File, Format Version 12.00
# Visual Studio Version 17
VisualStudioVersion = 17.0.31919.166
MinimumVisualStudioVersion = 10.0.40219.1
Project("{FAE04EC0-301F-11D3-BF4B-00C04F79EFBC}") = "EldenRingSaveOrganizer", "EldenRingSaveOrganizer\EldenRingSaveOrganizer.csproj", "{0885F1D5-195A-462F-8308-245E3C2D53CC}"
EndProject
Global
	GlobalSection(SolutionConfigurationPlatforms) = preSolution
		Debug|Any CPU = Debug|Any CPU
		Release|Any CPU = Release|Any CPU
	EndGlobalSection
	GlobalSection(ProjectConfigurationPlatforms) = postSolution
		{0885F1D5-195A-462F-8308-245E3C2D53CC}.Debug|Any CPU.ActiveCfg = Debug|Any CPU
		{0885F1D5-195A-462F-8308-245E3C2D53CC}.Debug|Any CPU.Build.0 = Debug|Any CPU
		{0885F1D5-195A-462F-8308-245E3C2D53CC}.Release|Any CPU.ActiveCfg = Release|Any CPU
		{0885F1D5-195A-462F-8308-245E3C2D53CC}.Release|Any CPU.Build.0 = Release|Any CPU
	EndGlobalSection
	GlobalSection(SolutionProperties) = preSolution
		HideSolutionNode = FALSE
	EndGlobalSection
	GlobalSection(ExtensibilityGlobals) = postSolution
		SolutionGuid = {0B19A112-74E9-4BDF-9F22-0457C856352F}
	EndGlobalSection
EndGlobal
